
Microsoft Visual Studio Solution File, Format Version 12.00
# Visual Studio Version 17
VisualStudioVersion = 17.5.002.0
MinimumVisualStudioVersion = 10.0.40219.1
Project("{9A19103F-16F7-4668-BE54-9A1E7A4F7556}") = "ChatAppWsignalR", "ChatAppWsignalR.csproj", "{E10AC450-786F-46FD-8A9D-3956D7F417F6}"
EndProject
Global
	GlobalSection(SolutionConfigurationPlatforms) = preSolution
		Debug|Any CPU = Debug|Any CPU
		Release|Any CPU = Release|Any CPU
	EndGlobalSection
	GlobalSection(ProjectConfigurationPlatforms) = postSolution
		{E10AC450-786F-46FD-8A9D-3956D7F417F6}.Debug|Any CPU.ActiveCfg = Debug|Any CPU
		{E10AC450-786F-46FD-8A9D-3956D7F417F6}.Debug|Any CPU.Build.0 = Debug|Any CPU
		{E10AC450-786F-46FD-8A9D-3956D7F417F6}.Release|Any CPU.ActiveCfg = Release|Any CPU
		{E10AC450-786F-46FD-8A9D-3956D7F417F6}.Release|Any CPU.Build.0 = Release|Any CPU
	EndGlobalSection
	GlobalSection(SolutionProperties) = preSolution
		HideSolutionNode = FALSE
	EndGlobalSection
	GlobalSection(ExtensibilityGlobals) = postSolution
		SolutionGuid = {00BF1E07-B373-4B4A-BAE6-6493791650FE}
	EndGlobalSection
EndGlobal
